
Microsoft Visual Studio Solution File, Format Version 12.00
# Visual Studio Version 17
VisualStudioVersion = 17.0.31903.59
MinimumVisualStudioVersion = 10.0.40219.1
Project("{FAE04EC0-301F-11D3-BF4B-00C04F79EFBC}") = "Biblioteca", "Biblioteca\Biblioteca.csproj", "{296FEA25-ECE9-41DB-8AD3-DF18CCD401EA}"
EndProject
Project("{FAE04EC0-301F-11D3-BF4B-00C04F79EFBC}") = "TestRepoDappper", "TestRepoDappper\TestRepoDappper.csproj", "{03B751E5-392C-4D48-BA9E-E3DB027514FE}"
EndProject
Global
	GlobalSection(SolutionConfigurationPlatforms) = preSolution
		Debug|Any CPU = Debug|Any CPU
		Release|Any CPU = Release|Any CPU
	EndGlobalSection
	GlobalSection(SolutionProperties) = preSolution
		HideSolutionNode = FALSE
	EndGlobalSection
	GlobalSection(ProjectConfigurationPlatforms) = postSolution
		{296FEA25-ECE9-41DB-8AD3-DF18CCD401EA}.Debug|Any CPU.ActiveCfg = Debug|Any CPU
		{296FEA25-ECE9-41DB-8AD3-DF18CCD401EA}.Debug|Any CPU.Build.0 = Debug|Any CPU
		{296FEA25-ECE9-41DB-8AD3-DF18CCD401EA}.Release|Any CPU.ActiveCfg = Release|Any CPU
		{296FEA25-ECE9-41DB-8AD3-DF18CCD401EA}.Release|Any CPU.Build.0 = Release|Any CPU
		{03B751E5-392C-4D48-BA9E-E3DB027514FE}.Debug|Any CPU.ActiveCfg = Debug|Any CPU
		{03B751E5-392C-4D48-BA9E-E3DB027514FE}.Debug|Any CPU.Build.0 = Debug|Any CPU
		{03B751E5-392C-4D48-BA9E-E3DB027514FE}.Release|Any CPU.ActiveCfg = Release|Any CPU
		{03B751E5-392C-4D48-BA9E-E3DB027514FE}.Release|Any CPU.Build.0 = Release|Any CPU
	EndGlobalSection
EndGlobal
